
Microsoft Visual Studio Solution File, Format Version 12.00
# Visual Studio 2013
VisualStudioVersion = 12.0.21005.1
MinimumVisualStudioVersion = 10.0.40219.1
Project("{FAE04EC0-301F-11D3-BF4B-00C04F79EFBC}") = "ServiceMonitoringSystem.Web", "ServiceMonitoringSystem.Web\ServiceMonitoringSystem.Web.csproj", "{88390123-B60F-4317-926C-C8281DC8BB63}"
EndProject
Project("{FAE04EC0-301F-11D3-BF4B-00C04F79EFBC}") = "ServiceMonitoringSystem.IRepository", "ServiceMonitoringSystem.IRepository\ServiceMonitoringSystem.IRepository.csproj", "{D4EE32DD-355E-45EE-B2E6-9643EAC20C34}"
EndProject
Project("{FAE04EC0-301F-11D3-BF4B-00C04F79EFBC}") = "ServiceMonitoringSystem.Repository", "ServiceMonitoringSystem.Repository\ServiceMonitoringSystem.Repository.csproj", "{650AD1EB-E211-4B09-820F-57ABF1A056A4}"
EndProject
Project("{FAE04EC0-301F-11D3-BF4B-00C04F79EFBC}") = "ServiceMonitoringSystem.Model", "ServiceMonitoringSystem.Model\ServiceMonitoringSystem.Model.csproj", "{3A222665-FE5A-4E52-9C2D-D8160F9B1DBB}"
EndProject
Global
	GlobalSection(SolutionConfigurationPlatforms) = preSolution
		Debug|Any CPU = Debug|Any CPU
		Release|Any CPU = Release|Any CPU
	EndGlobalSection
	GlobalSection(ProjectConfigurationPlatforms) = postSolution
		{88390123-B60F-4317-926C-C8281DC8BB63}.Debug|Any CPU.ActiveCfg = Debug|Any CPU
		{88390123-B60F-4317-926C-C8281DC8BB63}.Debug|Any CPU.Build.0 = Debug|Any CPU
		{88390123-B60F-4317-926C-C8281DC8BB63}.Release|Any CPU.ActiveCfg = Release|Any CPU
		{88390123-B60F-4317-926C-C8281DC8BB63}.Release|Any CPU.Build.0 = Release|Any CPU
		{D4EE32DD-355E-45EE-B2E6-9643EAC20C34}.Debug|Any CPU.ActiveCfg = Debug|Any CPU
		{D4EE32DD-355E-45EE-B2E6-9643EAC20C34}.Debug|Any CPU.Build.0 = Debug|Any CPU
		{D4EE32DD-355E-45EE-B2E6-9643EAC20C34}.Release|Any CPU.ActiveCfg = Release|Any CPU
		{D4EE32DD-355E-45EE-B2E6-9643EAC20C34}.Release|Any CPU.Build.0 = Release|Any CPU
		{650AD1EB-E211-4B09-820F-57ABF1A056A4}.Debug|Any CPU.ActiveCfg = Debug|Any CPU
		{650AD1EB-E211-4B09-820F-57ABF1A056A4}.Debug|Any CPU.Build.0 = Debug|Any CPU
		{650AD1EB-E211-4B09-820F-57ABF1A056A4}.Release|Any CPU.ActiveCfg = Release|Any CPU
		{650AD1EB-E211-4B09-820F-57ABF1A056A4}.Release|Any CPU.Build.0 = Release|Any CPU
		{3A222665-FE5A-4E52-9C2D-D8160F9B1DBB}.Debug|Any CPU.ActiveCfg = Debug|Any CPU
		{3A222665-FE5A-4E52-9C2D-D8160F9B1DBB}.Debug|Any CPU.Build.0 = Debug|Any CPU
		{3A222665-FE5A-4E52-9C2D-D8160F9B1DBB}.Release|Any CPU.ActiveCfg = Release|Any CPU
		{3A222665-FE5A-4E52-9C2D-D8160F9B1DBB}.Release|Any CPU.Build.0 = Release|Any CPU
	EndGlobalSection
	GlobalSection(SolutionProperties) = preSolution
		HideSolutionNode = FALSE
	EndGlobalSection
EndGlobal
